
Microsoft Visual Studio Solution File, Format Version 12.00
# Visual Studio 15
VisualStudioVersion = 15.0.28307.960
MinimumVisualStudioVersion = 10.0.40219.1
Project("{9A19103F-16F7-4668-BE54-9A1E7A4F7556}") = "WithoutStrategyPattern", "WithoutStrategyPattern\WithoutStrategyPattern.csproj", "{F89E838A-639A-472E-8877-AD8716D841A5}"
EndProject
Project("{9A19103F-16F7-4668-BE54-9A1E7A4F7556}") = "WithStrategyPattern", "WithStrategyPattern\WithStrategyPattern.csproj", "{DC12DFC8-5B9B-43F5-98B8-D70D66426970}"
EndProject
Project("{FAE04EC0-301F-11D3-BF4B-00C04F79EFBC}") = "SingletonPattern", "SingletonPattern\SingletonPattern.csproj", "{13C0F4E8-7410-4731-B5DD-9696B0C97ADF}"
EndProject
Global
	GlobalSection(SolutionConfigurationPlatforms) = preSolution
		Debug|Any CPU = Debug|Any CPU
		Release|Any CPU = Release|Any CPU
	EndGlobalSection
	GlobalSection(ProjectConfigurationPlatforms) = postSolution
		{F89E838A-639A-472E-8877-AD8716D841A5}.Debug|Any CPU.ActiveCfg = Debug|Any CPU
		{F89E838A-639A-472E-8877-AD8716D841A5}.Debug|Any CPU.Build.0 = Debug|Any CPU
		{F89E838A-639A-472E-8877-AD8716D841A5}.Release|Any CPU.ActiveCfg = Release|Any CPU
		{F89E838A-639A-472E-8877-AD8716D841A5}.Release|Any CPU.Build.0 = Release|Any CPU
		{DC12DFC8-5B9B-43F5-98B8-D70D66426970}.Debug|Any CPU.ActiveCfg = Debug|Any CPU
		{DC12DFC8-5B9B-43F5-98B8-D70D66426970}.Debug|Any CPU.Build.0 = Debug|Any CPU
		{DC12DFC8-5B9B-43F5-98B8-D70D66426970}.Release|Any CPU.ActiveCfg = Release|Any CPU
		{DC12DFC8-5B9B-43F5-98B8-D70D66426970}.Release|Any CPU.Build.0 = Release|Any CPU
		{13C0F4E8-7410-4731-B5DD-9696B0C97ADF}.Debug|Any CPU.ActiveCfg = Debug|Any CPU
		{13C0F4E8-7410-4731-B5DD-9696B0C97ADF}.Debug|Any CPU.Build.0 = Debug|Any CPU
		{13C0F4E8-7410-4731-B5DD-9696B0C97ADF}.Release|Any CPU.ActiveCfg = Release|Any CPU
		{13C0F4E8-7410-4731-B5DD-9696B0C97ADF}.Release|Any CPU.Build.0 = Release|Any CPU
	EndGlobalSection
	GlobalSection(SolutionProperties) = preSolution
		HideSolutionNode = FALSE
	EndGlobalSection
	GlobalSection(ExtensibilityGlobals) = postSolution
		SolutionGuid = {4F2FF9DE-6046-4B7D-A355-3BBE6D2A9853}
	EndGlobalSection
EndGlobal
